PODS:
  - Alamofire (4.3.0)
  - BuddyBuildSDK (1.0.14)
  - FontAwesome.swift (1.0.0)
  - Material (2.4.18):
    - Material/Core (= 2.4.18)
  - Material/Core (2.4.18)
  - Motion (1.0.3):
    - Motion/Core (= 1.0.3)
  - Motion/Core (1.0.3)
  - TKAutoCompleteTextField (0.3.0)

DEPENDENCIES:
  - Alamofire
  - BuddyBuildSDK
  - FontAwesome.swift
  - Material
  - Motion
  - TKAutoCompleteTextField

SPEC CHECKSUMS:
  Alamofire: 856a113053a7bc9cbe5d6367a555d773fc5cfef7
  BuddyBuildSDK: 2b2d35a61ad7fd3645beb2d48bc5123efd869918
  FontAwesome.swift: 2d32a3d62195343c2004b7c9043294ed2948553a
  Material: 1523b6c85b1d18805da2cb28040000b40bcefc7e
  Motion: 6665469c8268bc424c1c3d8e8f7bc99e28178666
  TKAutoCompleteTextField: 604afb75f8eddc96325fa43ddd26d5fb952ec106

PODFILE CHECKSUM: 6d2cac9bfacba096617edd75b892a883f0de95ce

COCOAPODS: 1.2.0
